// !$*UTF8*$!
{
	archiveVersion = 1;
	classes = {
	};
	objectVersion = 46;
	objects = {

/* Begin PBXBuildFile section */
		759F95531AD45429007A928C /* MapViewController.m in Sources */ = {isa = PBXBuildFile; fileRef = 759F95521AD45429007A928C /* MapViewController.m */; };
		759F95551AD454CB007A928C /* MapKit.framework in Frameworks */ = {isa = PBXBuildFile; fileRef = 759F95541AD454CB007A928C /* MapKit.framework */; };
		759F95581AD45A20007A928C /* CurrentWeather.m in Sources */ = {isa = PBXBuildFile; fileRef = 759F95571AD45A20007A928C /* CurrentWeather.m */; };
		75A162D91AD2CF3900C5ED59 /* main.m in Sources */ = {isa = PBXBuildFile; fileRef = 75A162D81AD2CF3900C5ED59 /* main.m */; };
		75A162DC1AD2CF3900C5ED59 /* AppDelegate.m in Sources */ = {isa = PBXBuildFile; fileRef = 75A162DB1AD2CF3900C5ED59 /* AppDelegate.m */; };
		75A162DF1AD2CF3900C5ED59 /* MainViewController.m in Sources */ = {isa = PBXBuildFile; fileRef = 75A162DE1AD2CF3900C5ED59 /* MainViewController.m */; };
		75A162E21AD2CF3900C5ED59 /* Main.storyboard in Resources */ = {isa = PBXBuildFile; fileRef = 75A162E01AD2CF3900C5ED59 /* Main.storyboard */; };
		75A162E41AD2CF3900C5ED59 /* Images.xcassets in Resources */ = {isa = PBXBuildFile; fileRef = 75A162E31AD2CF3900C5ED59 /* Images.xcassets */; };
		75A162E71AD2CF3900C5ED59 /* LaunchScreen.xib in Resources */ = {isa = PBXBuildFile; fileRef = 75A162E51AD2CF3900C5ED59 /* LaunchScreen.xib */; };
		75A162F31AD2CF3900C5ED59 /* My_Last_Weather_AppTests.m in Sources */ = {isa = PBXBuildFile; fileRef = 75A162F21AD2CF3900C5ED59 /* My_Last_Weather_AppTests.m */; };
		75A162FE1AD2D7EC00C5ED59 /* OpenWeatherMapAPI.m in Sources */ = {isa = PBXBuildFile; fileRef = 75A162FD1AD2D7EC00C5ED59 /* OpenWeatherMapAPI.m */; };
		75A163011AD3343000C5ED59 /* ForecastViewController.m in Sources */ = {isa = PBXBuildFile; fileRef = 75A163001AD3343000C5ED59 /* ForecastViewController.m */; };
		75A163041AD3346200C5ED59 /* ForecastCell.m in Sources */ = {isa = PBXBuildFile; fileRef = 75A163031AD3346200C5ED59 /* ForecastCell.m */; };
/* End PBXBuildFile section */

/* Begin PBXContainerItemProxy section */
		75A162ED1AD2CF3900C5ED59 /* PBXContainerItemProxy */ = {
			isa = PBXContainerItemProxy;
			containerPortal = 75A162CB1AD2CF3900C5ED59 /* Project object */;
			proxyType = 1;
			remoteGlobalIDString = 75A162D21AD2CF3900C5ED59;
			remoteInfo = "My Last Weather App";
		};
/* End PBXContainerItemProxy section */

/* Begin PBXFileReference section */
		759F95511AD45429007A928C /* MapViewController.h */ = {isa = PBXFileReference; fileEncoding = 4; lastKnownFileType = sourcecode.c.h; path = MapViewController.h; sourceTree = "<group>"; };
		759F95521AD45429007A928C /* MapViewController.m */ = {isa = PBXFileReference; fileEncoding = 4; lastKnownFileType = sourcecode.c.objc; path = MapViewController.m; sourceTree = "<group>"; };
		759F95541AD454CB007A928C /* MapKit.framework */ = {isa = PBXFileReference; lastKnownFileType = wrapper.framework; name = MapKit.framework; path = System/Library/Frameworks/MapKit.framework; sourceTree = SDKROOT; };
		759F95561AD45A20007A928C /* CurrentWeather.h */ = {isa = PBXFileReference; fileEncoding = 4; lastKnownFileType = sourcecode.c.h; path = CurrentWeather.h; sourceTree = "<group>"; };
		759F95571AD45A20007A928C /* CurrentWeather.m */ = {isa = PBXFileReference; fileEncoding = 4; lastKnownFileType = sourcecode.c.objc; path = CurrentWeather.m; sourceTree = "<group>"; };
		75A162D31AD2CF3900C5ED59 /* My Last Weather App.app */ = {isa = PBXFileReference; explicitFileType = wrapper.application; includeInIndex = 0; path = "My Last Weather App.app"; sourceTree = BUILT_PRODUCTS_DIR; };
		75A162D71AD2CF3900C5ED59 /* Info.plist */ = {isa = PBXFileReference; lastKnownFileType = text.plist.xml; path = Info.plist; sourceTree = "<group>"; };
		75A162D81AD2CF3900C5ED59 /* main.m */ = {isa = PBXFileReference; lastKnownFileType = sourcecode.c.objc; path = main.m; sourceTree = "<group>"; };
		75A162DA1AD2CF3900C5ED59 /* AppDelegate.h */ = {isa = PBXFileReference; lastKnownFileType = sourcecode.c.h; path = AppDelegate.h; sourceTree = "<group>"; };
		75A162DB1AD2CF3900C5ED59 /* AppDelegate.m */ = {isa = PBXFileReference; lastKnownFileType = sourcecode.c.objc; path = AppDelegate.m; sourceTree = "<group>"; };
		75A162DD1AD2CF3900C5ED59 /* MainViewController.h */ = {isa = PBXFileReference; lastKnownFileType = sourcecode.c.h; path = MainViewController.h; sourceTree = "<group>"; };
		75A162DE1AD2CF3900C5ED59 /* MainViewController.m */ = {isa = PBXFileReference; lastKnownFileType = sourcecode.c.objc; path = MainViewController.m; sourceTree = "<group>"; };
		75A162E11AD2CF3900C5ED59 /* Base */ = {isa = PBXFileReference; lastKnownFileType = file.storyboard; name = Base; path = Base.lproj/Main.storyboard; sourceTree = "<group>"; };
		75A162E31AD2CF3900C5ED59 /* Images.xcassets */ = {isa = PBXFileReference; lastKnownFileType = folder.assetcatalog; path = Images.xcassets; sourceTree = "<group>"; };
		75A162E61AD2CF3900C5ED59 /* Base */ = {isa = PBXFileReference; lastKnownFileType = file.xib; name = Base; path = Base.lproj/LaunchScreen.xib; sourceTree = "<group>"; };
		75A162EC1AD2CF3900C5ED59 /* My Last Weather AppTests.xctest */ = {isa = PBXFileReference; explicitFileType = wrapper.cfbundle; includeInIndex = 0; path = "My Last Weather AppTests.xctest"; sourceTree = BUILT_PRODUCTS_DIR; };
		75A162F11AD2CF3900C5ED59 /* Info.plist */ = {isa = PBXFileReference; lastKnownFileType = text.plist.xml; path = Info.plist; sourceTree = "<group>"; };
		75A162F21AD2CF3900C5ED59 /* My_Last_Weather_AppTests.m */ = {isa = PBXFileReference; lastKnownFileType = sourcecode.c.objc; path = My_Last_Weather_AppTests.m; sourceTree = "<group>"; };
		75A162FC1AD2D7EC00C5ED59 /* OpenWeatherMapAPI.h */ = {isa = PBXFileReference; fileEncoding = 4; lastKnownFileType = sourcecode.c.h; path = OpenWeatherMapAPI.h; sourceTree = "<group>"; };
		75A162FD1AD2D7EC00C5ED59 /* OpenWeatherMapAPI.m */ = {isa = PBXFileReference; fileEncoding = 4; lastKnownFileType = sourcecode.c.objc; path = OpenWeatherMapAPI.m; sourceTree = "<group>"; };
		75A162FF1AD3343000C5ED59 /* ForecastViewController.h */ = {isa = PBXFileReference; fileEncoding = 4; lastKnownFileType = sourcecode.c.h; path = ForecastViewController.h; sourceTree = "<group>"; };
		75A163001AD3343000C5ED59 /* ForecastViewController.m */ = {isa = PBXFileReference; fileEncoding = 4; lastKnownFileType = sourcecode.c.objc; path = ForecastViewController.m; sourceTree = "<group>"; };
		75A163021AD3346200C5ED59 /* ForecastCell.h */ = {isa = PBXFileReference; fileEncoding = 4; lastKnownFileType = sourcecode.c.h; path = ForecastCell.h; sourceTree = "<group>"; };
		75A163031AD3346200C5ED59 /* ForecastCell.m */ = {isa = PBXFileReference; fileEncoding = 4; lastKnownFileType = sourcecode.c.objc; path = ForecastCell.m; sourceTree = "<group>"; };
/* End PBXFileReference section */

/* Begin PBXFrameworksBuildPhase section */
		75A162D01AD2CF3900C5ED59 /* Frameworks */ = {
			isa = PBXFrameworksBuildPhase;
			buildActionMask = 2147483647;
			files = (
				759F95551AD454CB007A928C /* MapKit.framework in Frameworks */,
			);
			runOnlyForDeploymentPostprocessing = 0;
		};
		75A162E91AD2CF3900C5ED59 /* Frameworks */ = {
			isa = PBXFrameworksBuildPhase;
			buildActionMask = 2147483647;
			files = (
			);
			runOnlyForDeploymentPostprocessing = 0;
		};
/* End PBXFrameworksBuildPhase section */

/* Begin PBXGroup section */
		75A162CA1AD2CF3900C5ED59 = {
			isa = PBXGroup;
			children = (
				75A162D51AD2CF3900C5ED59 /* My Last Weather App */,
				75A162EF1AD2CF3900C5ED59 /* My Last Weather AppTests */,
				75A162D41AD2CF3900C5ED59 /* Products */,
			);
			sourceTree = "<group>";
		};
		75A162D41AD2CF3900C5ED59 /* Products */ = {
			isa = PBXGroup;
			children = (
				75A162D31AD2CF3900C5ED59 /* My Last Weather App.app */,
				75A162EC1AD2CF3900C5ED59 /* My Last Weather AppTests.xctest */,
			);
			name = Products;
			sourceTree = "<group>";
		};
		75A162D51AD2CF3900C5ED59 /* My Last Weather App */ = {
			isa = PBXGroup;
			children = (
				75A162DA1AD2CF3900C5ED59 /* AppDelegate.h */,
				75A162DB1AD2CF3900C5ED59 /* AppDelegate.m */,
				75A162FC1AD2D7EC00C5ED59 /* OpenWeatherMapAPI.h */,
				75A162FD1AD2D7EC00C5ED59 /* OpenWeatherMapAPI.m */,
				759F95561AD45A20007A928C /* CurrentWeather.h */,
				759F95571AD45A20007A928C /* CurrentWeather.m */,
				75A162DD1AD2CF3900C5ED59 /* MainViewController.h */,
				75A162DE1AD2CF3900C5ED59 /* MainViewController.m */,
				75A162FF1AD3343000C5ED59 /* ForecastViewController.h */,
				75A163001AD3343000C5ED59 /* ForecastViewController.m */,
				75A163021AD3346200C5ED59 /* ForecastCell.h */,
				75A163031AD3346200C5ED59 /* ForecastCell.m */,
				759F95511AD45429007A928C /* MapViewController.h */,
				759F95521AD45429007A928C /* MapViewController.m */,
				75A162E01AD2CF3900C5ED59 /* Main.storyboard */,
				75A162E31AD2CF3900C5ED59 /* Images.xcassets */,
				75A162E51AD2CF3900C5ED59 /* LaunchScreen.xib */,
				759F95541AD454CB007A928C /* MapKit.framework */,
				75A162D61AD2CF3900C5ED59 /* Supporting Files */,
			);
			path = "My Last Weather App";
			sourceTree = "<group>";
		};
		75A162D61AD2CF3900C5ED59 /* Supporting Files */ = {
			isa = PBXGroup;
			children = (
				75A162D71AD2CF3900C5ED59 /* Info.plist */,
				75A162D81AD2CF3900C5ED59 /* main.m */,
			);
			name = "Supporting Files";
			sourceTree = "<group>";
		};
		75A162EF1AD2CF3900C5ED59 /* My Last Weather AppTests */ = {
			isa = PBXGroup;
			children = (
				75A162F21AD2CF3900C5ED59 /* My_Last_Weather_AppTests.m */,
				75A162F01AD2CF3900C5ED59 /* Supporting Files */,
			);
			path = "My Last Weather AppTests";
			sourceTree = "<group>";
		};
		75A162F01AD2CF3900C5ED59 /* Supporting Files */ = {
			isa = PBXGroup;
			children = (
				75A162F11AD2CF3900C5ED59 /* Info.plist */,
			);
			name = "Supporting Files";
			sourceTree = "<group>";
		};
/* End PBXGroup section */

/* Begin PBXNativeTarget section */
		75A162D21AD2CF3900C5ED59 /* My Last Weather App */ = {
			isa = PBXNativeTarget;
			buildConfigurationList = 75A162F61AD2CF3900C5ED59 /* Build configuration list for PBXNativeTarget "My Last Weather App" */;
			buildPhases = (
				75A162CF1AD2CF3900C5ED59 /* Sources */,
				75A162D01AD2CF3900C5ED59 /* Frameworks */,
				75A162D11AD2CF3900C5ED59 /* Resources */,
			);
			buildRules = (
			);
			dependencies = (
			);
			name = "My Last Weather App";
			productName = "My Last Weather App";
			productReference = 75A162D31AD2CF3900C5ED59 /* My Last Weather App.app */;
			productType = "com.apple.product-type.application";
		};
		75A162EB1AD2CF3900C5ED59 /* My Last Weather AppTests */ = {
			isa = PBXNativeTarget;
			buildConfigurationList = 75A162F91AD2CF3900C5ED59 /* Build configuration list for PBXNativeTarget "My Last Weather AppTests" */;
			buildPhases = (
				75A162E81AD2CF3900C5ED59 /* Sources */,
				75A162E91AD2CF3900C5ED59 /* Frameworks */,
				75A162EA1AD2CF3900C5ED59 /* Resources */,
			);
			buildRules = (
			);
			dependencies = (
				75A162EE1AD2CF3900C5ED59 /* PBXTargetDependency */,
			);
			name = "My Last Weather AppTests";
			productName = "My Last Weather AppTests";
			productReference = 75A162EC1AD2CF3900C5ED59 /* My Last Weather AppTests.xctest */;
			productType = "com.apple.product-type.bundle.unit-test";
		};
/* End PBXNativeTarget section */

/* Begin PBXProject section */
		75A162CB1AD2CF3900C5ED59 /* Project object */ = {
			isa = PBXProject;
			attributes = {
				LastUpgradeCheck = 0620;
				ORGANIZATIONNAME = "Akbar Nurlybayev";
				TargetAttributes = {
					75A162D21AD2CF3900C5ED59 = {
						CreatedOnToolsVersion = 6.2;
					};
					75A162EB1AD2CF3900C5ED59 = {
						CreatedOnToolsVersion = 6.2;
						TestTargetID = 75A162D21AD2CF3900C5ED59;
					};
				};
			};
			buildConfigurationList = 75A162CE1AD2CF3900C5ED59 /* Build configuration list for PBXProject "My Last Weather App" */;
			compatibilityVersion = "Xcode 3.2";
			developmentRegion = English;
			hasScannedForEncodings = 0;
			knownRegions = (
				en,
				Base,
			);
			mainGroup = 75A162CA1AD2CF3900C5ED59;
			productRefGroup = 75A162D41AD2CF3900C5ED59 /* Products */;
			projectDirPath = "";
			projectRoot = "";
			targets = (
				75A162D21AD2CF3900C5ED59 /* My Last Weather App */,
				75A162EB1AD2CF3900C5ED59 /* My Last Weather AppTests */,
			);
		};
/* End PBXProject section */

/* Begin PBXResourcesBuildPhase section */
		75A162D11AD2CF3900C5ED59 /* Resources */ = {
			isa = PBXResourcesBuildPhase;
			buildActionMask = 2147483647;
			files = (
				75A162E21AD2CF3900C5ED59 /* Main.storyboard in Resources */,
				75A162E71AD2CF3900C5ED59 /* LaunchScreen.xib in Resources */,
				75A162E41AD2CF3900C5ED59 /* Images.xcassets in Resources */,
			);
			runOnlyForDeploymentPostprocessing = 0;
		};
		75A162EA1AD2CF3900C5ED59 /* Resources */ = {
			isa = PBXResourcesBuildPhase;
			buildActionMask = 2147483647;
			files = (
			);
			runOnlyForDeploymentPostprocessing = 0;
		};
/* End PBXResourcesBuildPhase section */

/* Begin PBXSourcesBuildPhase section */
		75A162CF1AD2CF3900C5ED59 /* Sources */ = {
			isa = PBXSourcesBuildPhase;
			buildActionMask = 2147483647;
			files = (
				75A163041AD3346200C5ED59 /* ForecastCell.m in Sources */,
				75A163011AD3343000C5ED59 /* ForecastViewController.m in Sources */,
				75A162FE1AD2D7EC00C5ED59 /* OpenWeatherMapAPI.m in Sources */,
				75A162DF1AD2CF3900C5ED59 /* MainViewController.m in Sources */,
				75A162DC1AD2CF3900C5ED59 /* AppDelegate.m in Sources */,
				75A162D91AD2CF3900C5ED59 /* main.m in Sources */,
				759F95581AD45A20007A928C /* CurrentWeather.m in Sources */,
				759F95531AD45429007A928C /* MapViewController.m in Sources */,
			);
			runOnlyForDeploymentPostprocessing = 0;
		};
		75A162E81AD2CF3900C5ED59 /* Sources */ = {
			isa = PBXSourcesBuildPhase;
			buildActionMask = 2147483647;
			files = (
				75A162F31AD2CF3900C5ED59 /* My_Last_Weather_AppTests.m in Sources */,
			);
			runOnlyForDeploymentPostprocessing = 0;
		};
/* End PBXSourcesBuildPhase section */

/* Begin PBXTargetDependency section */
		75A162EE1AD2CF3900C5ED59 /* PBXTargetDependency */ = {
			isa = PBXTargetDependency;
			target = 75A162D21AD2CF3900C5ED59 /* My Last Weather App */;
			targetProxy = 75A162ED1AD2CF3900C5ED59 /* PBXContainerItemProxy */;
		};
/* End PBXTargetDependency section */

/* Begin PBXVariantGroup section */
		75A162E01AD2CF3900C5ED59 /* Main.storyboard */ = {
			isa = PBXVariantGroup;
			children = (
				75A162E11AD2CF3900C5ED59 /* Base */,
			);
			name = Main.storyboard;
			sourceTree = "<group>";
		};
		75A162E51AD2CF3900C5ED59 /* LaunchScreen.xib */ = {
			isa = PBXVariantGroup;
			children = (
				75A162E61AD2CF3900C5ED59 /* Base */,
			);
			name = LaunchScreen.xib;
			sourceTree = "<group>";
		};
/* End PBXVariantGroup section */

/* Begin XCBuildConfiguration section */
		75A162F41AD2CF3900C5ED59 /* Debug */ = {
			isa = XCBuildConfiguration;
			buildSettings = {
				ALWAYS_SEARCH_USER_PATHS = NO;
				CLANG_CXX_LANGUAGE_STANDARD = "gnu++0x";
				CLANG_CXX_LIBRARY = "libc++";
				CLANG_ENABLE_MODULES = YES;
				CLANG_ENABLE_OBJC_ARC = YES;
				CLANG_WARN_BOOL_CONVERSION = YES;
				CLANG_WARN_CONSTANT_CONVERSION = YES;
				CLANG_WARN_DIRECT_OBJC_ISA_USAGE = YES_ERROR;
				CLANG_WARN_EMPTY_BODY = YES;
				CLANG_WARN_ENUM_CONVERSION = YES;
				CLANG_WARN_INT_CONVERSION = YES;
				CLANG_WARN_OBJC_ROOT_CLASS = YES_ERROR;
				CLANG_WARN_UNREACHABLE_CODE = YES;
				CLANG_WARN__DUPLICATE_METHOD_MATCH = YES;
				"CODE_SIGN_IDENTITY[sdk=iphoneos*]" = "iPhone Developer";
				COPY_PHASE_STRIP = NO;
				ENABLE_STRICT_OBJC_MSGSEND = YES;
				GCC_C_LANGUAGE_STANDARD = gnu99;
				GCC_DYNAMIC_NO_PIC = NO;
				GCC_OPTIMIZATION_LEVEL = 0;
				GCC_PREPROCESSOR_DEFINITIONS = (
					"DEBUG=1",
					"$(inherited)",
				);
				GCC_SYMBOLS_PRIVATE_EXTERN = NO;
				GCC_WARN_64_TO_32_BIT_CONVERSION = YES;
				GCC_WARN_ABOUT_RETURN_TYPE = YES_ERROR;
				GCC_WARN_UNDECLARED_SELECTOR = YES;
				GCC_WARN_UNINITIALIZED_AUTOS = YES_AGGRESSIVE;
				GCC_WARN_UNUSED_FUNCTION = YES;
				GCC_WARN_UNUSED_VARIABLE = YES;
				IPHONEOS_DEPLOYMENT_TARGET = 8.2;
				MTL_ENABLE_DEBUG_INFO = YES;
				ONLY_ACTIVE_ARCH = YES;
				SDKROOT = iphoneos;
			};
			name = Debug;
		};
		75A162F51AD2CF3900C5ED59 /* Release */ = {
			isa = XCBuildConfiguration;
			buildSettings = {
				ALWAYS_SEARCH_USER_PATHS = NO;
				CLANG_CXX_LANGUAGE_STANDARD = "gnu++0x";
				CLANG_CXX_LIBRARY = "libc++";
				CLANG_ENABLE_MODULES = YES;
				CLANG_ENABLE_OBJC_ARC = YES;
				CLANG_WARN_BOOL_CONVERSION = YES;
				CLANG_WARN_CONSTANT_CONVERSION = YES;
				CLANG_WARN_DIRECT_OBJC_ISA_USAGE = YES_ERROR;
				CLANG_WARN_EMPTY_BODY = YES;
				CLANG_WARN_ENUM_CONVERSION = YES;
				CLANG_WARN_INT_CONVERSION = YES;
				CLANG_WARN_OBJC_ROOT_CLASS = YES_ERROR;
				CLANG_WARN_UNREACHABLE_CODE = YES;
				CLANG_WARN__DUPLICATE_METHOD_MATCH = YES;
				"CODE_SIGN_IDENTITY[sdk=iphoneos*]" = "iPhone Developer";
				COPY_PHASE_STRIP = NO;
				ENABLE_NS_ASSERTIONS = NO;
				ENABLE_STRICT_OBJC_MSGSEND = YES;
				GCC_C_LANGUAGE_STANDARD = gnu99;
				GCC_WARN_64_TO_32_BIT_CONVERSION = YES;
				GCC_WARN_ABOUT_RETURN_TYPE = YES_ERROR;
				GCC_WARN_UNDECLARED_SELECTOR = YES;
				GCC_WARN_UNINITIALIZED_AUTOS = YES_AGGRESSIVE;
				GCC_WARN_UNUSED_FUNCTION = YES;
				GCC_WARN_UNUSED_VARIABLE = YES;
				IPHONEOS_DEPLOYMENT_TARGET = 8.2;
				MTL_ENABLE_DEBUG_INFO = NO;
				SDKROOT = iphoneos;
				VALIDATE_PRODUCT = YES;
			};
			name = Release;
		};
		75A162F71AD2CF3900C5ED59 /* Debug */ = {
			isa = XCBuildConfiguration;
			buildSettings = {
				ASSETCATALOG_COMPILER_APPICON_NAME = AppIcon;
				INFOPLIST_FILE = "My Last Weather App/Info.plist";
				LD_RUNPATH_SEARCH_PATHS = "$(inherited) @executable_path/Frameworks";
				PRODUCT_NAME = "$(TARGET_NAME)";
			};
			name = Debug;
		};
		75A162F81AD2CF3900C5ED59 /* Release */ = {
			isa = XCBuildConfiguration;
			buildSettings = {
				ASSETCATALOG_COMPILER_APPICON_NAME = AppIcon;
				INFOPLIST_FILE = "My Last Weather App/Info.plist";
				LD_RUNPATH_SEARCH_PATHS = "$(inherited) @executable_path/Frameworks";
				PRODUCT_NAME = "$(TARGET_NAME)";
			};
			name = Release;
		};
		75A162FA1AD2CF3900C5ED59 /* Debug */ = {
			isa = XCBuildConfiguration;
			buildSettings = {
				BUNDLE_LOADER = "$(TEST_HOST)";
				FRAMEWORK_SEARCH_PATHS = (
					"$(SDKROOT)/Developer/Library/Frameworks",
					"$(inherited)",
				);
				GCC_PREPROCESSOR_DEFINITIONS = (
					"DEBUG=1",
					"$(inherited)",
				);
				INFOPLIST_FILE = "My Last Weather AppTests/Info.plist";
				LD_RUNPATH_SEARCH_PATHS = "$(inherited) @executable_path/Frameworks @loader_path/Frameworks";
				PRODUCT_NAME = "$(TARGET_NAME)";
				TEST_HOST = "$(BUILT_PRODUCTS_DIR)/My Last Weather App.app/My Last Weather App";
			};
			name = Debug;
		};
		75A162FB1AD2CF3900C5ED59 /* Release */ = {
			isa = XCBuildConfiguration;
			buildSettings = {
				BUNDLE_LOADER = "$(TEST_HOST)";
				FRAMEWORK_SEARCH_PATHS = (
					"$(SDKROOT)/Developer/Library/Frameworks",
					"$(inherited)",
				);
				INFOPLIST_FILE = "My Last Weather AppTests/Info.plist";
				LD_RUNPATH_SEARCH_PATHS = "$(inherited) @executable_path/Frameworks @loader_path/Frameworks";
				PRODUCT_NAME = "$(TARGET_NAME)";
				TEST_HOST = "$(BUILT_PRODUCTS_DIR)/My Last Weather App.app/My Last Weather App";
			};
			name = Release;
		};
/* End XCBuildConfiguration section */

/* Begin XCConfigurationList section */
		75A162CE1AD2CF3900C5ED59 /* Build configuration list for PBXProject "My Last Weather App" */ = {
			isa = XCConfigurationList;
			buildConfigurations = (
				75A162F41AD2CF3900C5ED59 /* Debug */,
				75A162F51AD2CF3900C5ED59 /* Release */,
			);
			defaultConfigurationIsVisible = 0;
			defaultConfigurationName = Release;
		};
		75A162F61AD2CF3900C5ED59 /* Build configuration list for PBXNativeTarget "My Last Weather App" */ = {
			isa = XCConfigurationList;
			buildConfigurations = (
				75A162F71AD2CF3900C5ED59 /* Debug */,
				75A162F81AD2CF3900C5ED59 /* Release */,
			);
			defaultConfigurationIsVisible = 0;
			defaultConfigurationName = Release;
		};
		75A162F91AD2CF3900C5ED59 /* Build configuration list for PBXNativeTarget "My Last Weather AppTests" */ = {
			isa = XCConfigurationList;
			buildConfigurations = (
				75A162FA1AD2CF3900C5ED59 /* Debug */,
				75A162FB1AD2CF3900C5ED59 /* Release */,
			);
			defaultConfigurationIsVisible = 0;
			defaultConfigurationName = Release;
		};
/* End XCConfigurationList section */
	};
	rootObject = 75A162CB1AD2CF3900C5ED59 /* Project object */;
}
